
Microsoft Visual Studio Solution File, Format Version 12.00
# Visual Studio Version 17
VisualStudioVersion = 17.8.34511.84
MinimumVisualStudioVersion = 10.0.40219.1
Project("{8BC9CEB8-8B4A-11D0-8D11-00A0C91BC942}") = "task_cyclic_list_15.04", "task_cyclic_list_15.04\task_cyclic_list_15.04.vcxproj", "{154842C7-D90F-4B50-A7E4-BF62D89D4790}"
EndProject
Global
	GlobalSection(SolutionConfigurationPlatforms) = preSolution
		Debug|x64 = Debug|x64
		Debug|x86 = Debug|x86
		Release|x64 = Release|x64
		Release|x86 = Release|x86
	EndGlobalSection
	GlobalSection(ProjectConfigurationPlatforms) = postSolution
		{154842C7-D90F-4B50-A7E4-BF62D89D4790}.Debug|x64.ActiveCfg = Debug|x64
		{154842C7-D90F-4B50-A7E4-BF62D89D4790}.Debug|x64.Build.0 = Debug|x64
		{154842C7-D90F-4B50-A7E4-BF62D89D4790}.Debug|x86.ActiveCfg = Debug|Win32
		{154842C7-D90F-4B50-A7E4-BF62D89D4790}.Debug|x86.Build.0 = Debug|Win32
		{154842C7-D90F-4B50-A7E4-BF62D89D4790}.Release|x64.ActiveCfg = Release|x64
		{154842C7-D90F-4B50-A7E4-BF62D89D4790}.Release|x64.Build.0 = Release|x64
		{154842C7-D90F-4B50-A7E4-BF62D89D4790}.Release|x86.ActiveCfg = Release|Win32
		{154842C7-D90F-4B50-A7E4-BF62D89D4790}.Release|x86.Build.0 = Release|Win32
	EndGlobalSection
	GlobalSection(SolutionProperties) = preSolution
		HideSolutionNode = FALSE
	EndGlobalSection
	GlobalSection(ExtensibilityGlobals) = postSolution
		SolutionGuid = {F51D92C7-2915-44F5-913C-F4DA81A97B7A}
	EndGlobalSection
EndGlobal
